
Microsoft Visual Studio Solution File, Format Version 12.00
# Visual Studio Version 17
VisualStudioVersion = 17.10.34916.146
MinimumVisualStudioVersion = 10.0.40219.1
Project("{FAE04EC0-301F-11D3-BF4B-00C04F79EFBC}") = "ArchivosJson", "ArchivosJson\ArchivosJson.csproj", "{03A2C531-9488-496A-9BDE-7C6B60D50F58}"
EndProject
Global
	GlobalSection(SolutionConfigurationPlatforms) = preSolution
		Debug|Any CPU = Debug|Any CPU
		Release|Any CPU = Release|Any CPU
	EndGlobalSection
	GlobalSection(ProjectConfigurationPlatforms) = postSolution
		{03A2C531-9488-496A-9BDE-7C6B60D50F58}.Debug|Any CPU.ActiveCfg = Debug|Any CPU
		{03A2C531-9488-496A-9BDE-7C6B60D50F58}.Debug|Any CPU.Build.0 = Debug|Any CPU
		{03A2C531-9488-496A-9BDE-7C6B60D50F58}.Release|Any CPU.ActiveCfg = Release|Any CPU
		{03A2C531-9488-496A-9BDE-7C6B60D50F58}.Release|Any CPU.Build.0 = Release|Any CPU
	EndGlobalSection
	GlobalSection(SolutionProperties) = preSolution
		HideSolutionNode = FALSE
	EndGlobalSection
	GlobalSection(ExtensibilityGlobals) = postSolution
		SolutionGuid = {D2633BCE-232F-4C76-9BFC-B7C9761CFC4F}
	EndGlobalSection
EndGlobal
